
Microsoft Visual Studio Solution File, Format Version 12.00
# Visual Studio Version 16
VisualStudioVersion = 16.0.31911.196
MinimumVisualStudioVersion = 10.0.40219.1
Project("{FAE04EC0-301F-11D3-BF4B-00C04F79EFBC}") = "SNSDemo", "SQSDemo\SNSDemo.csproj", "{52AFE3A9-E1EF-41F1-88AE-5C619288A98C}"
EndProject
Global
	GlobalSection(SolutionConfigurationPlatforms) = preSolution
		Debug|Any CPU = Debug|Any CPU
		Release|Any CPU = Release|Any CPU
	EndGlobalSection
	GlobalSection(ProjectConfigurationPlatforms) = postSolution
		{52AFE3A9-E1EF-41F1-88AE-5C619288A98C}.Debug|Any CPU.ActiveCfg = Debug|Any CPU
		{52AFE3A9-E1EF-41F1-88AE-5C619288A98C}.Debug|Any CPU.Build.0 = Debug|Any CPU
		{52AFE3A9-E1EF-41F1-88AE-5C619288A98C}.Release|Any CPU.ActiveCfg = Release|Any CPU
		{52AFE3A9-E1EF-41F1-88AE-5C619288A98C}.Release|Any CPU.Build.0 = Release|Any CPU
	EndGlobalSection
	GlobalSection(SolutionProperties) = preSolution
		HideSolutionNode = FALSE
	EndGlobalSection
	GlobalSection(ExtensibilityGlobals) = postSolution
		SolutionGuid = {5A349747-034D-444E-A994-07AD9D19A524}
	EndGlobalSection
EndGlobal
